
Microsoft Visual Studio Solution File, Format Version 12.00
# Visual Studio Version 17
VisualStudioVersion = 17.14.37027.9 d17.14
MinimumVisualStudioVersion = 10.0.40219.1
Project("{FAE04EC0-301F-11D3-BF4B-00C04F79EFBC}") = "game-pulse", "game-pulse.csproj", "{9C89FDF5-0183-4BB2-B566-795BBFC3D1B5}"
EndProject
Global
	GlobalSection(SolutionConfigurationPlatforms) = preSolution
		Debug|Any CPU = Debug|Any CPU
		Release|Any CPU = Release|Any CPU
	EndGlobalSection
	GlobalSection(ProjectConfigurationPlatforms) = postSolution
		{9C89FDF5-0183-4BB2-B566-795BBFC3D1B5}.Debug|Any CPU.ActiveCfg = Debug|Any CPU
		{9C89FDF5-0183-4BB2-B566-795BBFC3D1B5}.Debug|Any CPU.Build.0 = Debug|Any CPU
		{9C89FDF5-0183-4BB2-B566-795BBFC3D1B5}.Release|Any CPU.ActiveCfg = Release|Any CPU
		{9C89FDF5-0183-4BB2-B566-795BBFC3D1B5}.Release|Any CPU.Build.0 = Release|Any CPU
	EndGlobalSection
	GlobalSection(SolutionProperties) = preSolution
		HideSolutionNode = FALSE
	EndGlobalSection
	GlobalSection(ExtensibilityGlobals) = postSolution
		SolutionGuid = {816F3C7C-712E-46B5-A9FA-0E790E6C5BF5}
	EndGlobalSection
EndGlobal
